
Microsoft Visual Studio Solution File, Format Version 12.00
# Visual Studio Version 17
VisualStudioVersion = 17.12.35527.113 d17.12
MinimumVisualStudioVersion = 10.0.40219.1
Project("{FAE04EC0-301F-11D3-BF4B-00C04F79EFBC}") = "Hablando", "Hablando\Hablando.csproj", "{28A48EC3-84CB-49C2-88FC-8AD7BFC7A47F}"
EndProject
Global
	GlobalSection(SolutionConfigurationPlatforms) = preSolution
		Debug|Any CPU = Debug|Any CPU
		Release|Any CPU = Release|Any CPU
	EndGlobalSection
	GlobalSection(ProjectConfigurationPlatforms) = postSolution
		{28A48EC3-84CB-49C2-88FC-8AD7BFC7A47F}.Debug|Any CPU.ActiveCfg = Debug|Any CPU
		{28A48EC3-84CB-49C2-88FC-8AD7BFC7A47F}.Debug|Any CPU.Build.0 = Debug|Any CPU
		{28A48EC3-84CB-49C2-88FC-8AD7BFC7A47F}.Release|Any CPU.ActiveCfg = Release|Any CPU
		{28A48EC3-84CB-49C2-88FC-8AD7BFC7A47F}.Release|Any CPU.Build.0 = Release|Any CPU
	EndGlobalSection
	GlobalSection(SolutionProperties) = preSolution
		HideSolutionNode = FALSE
	EndGlobalSection
EndGlobal
